
Microsoft Visual Studio Solution File, Format Version 12.00
# Visual Studio 14
VisualStudioVersion = 14.0.25420.1
MinimumVisualStudioVersion = 10.0.40219.1
Project("{2150E333-8FDC-42A3-9474-1A3956D46DE8}") = "Chapter 1 - Manage Program Flow", "Chapter 1 - Manage Program Flow", "{BB5CAEBC-6334-4676-AE62-D24DF3D08C48}"
EndProject
Project("{2150E333-8FDC-42A3-9474-1A3956D46DE8}") = "Objective 1 - Implement Multithreading and Asynchronous Processing", "Objective 1 - Implement Multithreading and Asynchronous Processing", "{488196A3-930B-4B75-806C-212C55760067}"
EndProject
Project("{2150E333-8FDC-42A3-9474-1A3956D46DE8}") = "Objective 2 - Manage Multithreading", "Objective 2 - Manage Multithreading", "{673D014A-2C9C-4563-9A3C-4355E1D80E94}"
EndProject
Project("{2150E333-8FDC-42A3-9474-1A3956D46DE8}") = "Objective 3 - Implement Program Flow", "Objective 3 - Implement Program Flow", "{7766D948-4E78-48B4-8AA0-A869D4C7F1F9}"
EndProject
Project("{2150E333-8FDC-42A3-9474-1A3956D46DE8}") = "Objective 4 - Create and implement Events and Callbacks", "Objective 4 - Create and implement Events and Callbacks", "{AA0D9C16-585D-4977-864A-FA7B7F3D9122}"
EndProject
Project("{2150E333-8FDC-42A3-9474-1A3956D46DE8}") = "Objective 5 - Implement Exception Handling", "Objective 5 - Implement Exception Handling", "{978416C3-981A-45BA-ADDD-F4325148E5D8}"
EndProject
Project("{FAE04EC0-301F-11D3-BF4B-00C04F79EFBC}") = "Listing 1-01", "Listing 1-1\Listing 1-01.csproj", "{B58760BB-253B-4932-9A3C-00A5BF2A7859}"
EndProject
Project("{FAE04EC0-301F-11D3-BF4B-00C04F79EFBC}") = "Listing 1-02", "Listing 1-2\Listing 1-02.csproj", "{C5BF2B98-C4EA-4F87-A4FC-F7F94661FC39}"
EndProject
Project("{FAE04EC0-301F-11D3-BF4B-00C04F79EFBC}") = "Listing-1-03", "Listing-1-3\Listing-1-03.csproj", "{5599402D-C99E-414A-B8F0-0D8B53C874B0}"
EndProject
Project("{FAE04EC0-301F-11D3-BF4B-00C04F79EFBC}") = "Listing-1-05", "Listing-1-5\Listing-1-05.csproj", "{A2DE7F4D-5ACC-4123-B725-B5DFB1208A67}"
EndProject
Project("{FAE04EC0-301F-11D3-BF4B-00C04F79EFBC}") = "Listing-1-35", "Listing-1-35\Listing-1-35.csproj", "{790BF84F-B8EE-4E4C-B3D2-388F0E226F80}"
EndProject
Project("{FAE04EC0-301F-11D3-BF4B-00C04F79EFBC}") = "Listing-1-46", "Listing-1-46\Listing-1-46.csproj", "{7470C1DF-F018-4F44-BE9B-B764059C950D}"
EndProject
Project("{FAE04EC0-301F-11D3-BF4B-00C04F79EFBC}") = "Listing-1-75", "Listing-1-75\Listing-1-75.csproj", "{0F88A118-4983-4E5A-9A5B-674E79DA02E2}"
EndProject
Project("{FAE04EC0-301F-11D3-BF4B-00C04F79EFBC}") = "Listing-1-88", "Listing-1-88\Listing-1-88.csproj", "{DC8AAB15-093C-4EB4-AFAF-A91DE61CE477}"
EndProject
Project("{2150E333-8FDC-42A3-9474-1A3956D46DE8}") = "Chapter 2 - Create and Use Types", "Chapter 2 - Create and Use Types", "{9DBC17A0-A78C-4620-8852-7190885B753B}"
EndProject
Project("{2150E333-8FDC-42A3-9474-1A3956D46DE8}") = "Objective 1 - Create Types", "Objective 1 - Create Types", "{3D9E82A5-91F9-4D47-9C97-E9EC12FEB7A0}"
EndProject
Project("{FAE04EC0-301F-11D3-BF4B-00C04F79EFBC}") = "Listing-2-1", "Listing-2-1\Listing-2-1.csproj", "{4AF439A6-CF4C-42D9-AE43-9F9A8A51AB84}"
EndProject
Project("{FAE04EC0-301F-11D3-BF4B-00C04F79EFBC}") = "Listing-1-04", "Listing-1-4\Listing-1-04.csproj", "{ADAA44E7-A171-4209-AC77-F724DE31B8A7}"
EndProject
Project("{FAE04EC0-301F-11D3-BF4B-00C04F79EFBC}") = "Listing-1-06", "Listing-1-6\Listing-1-06.csproj", "{C3ADDDDE-81AC-4EF9-A6A2-3EEA120441E6}"
EndProject
Project("{FAE04EC0-301F-11D3-BF4B-00C04F79EFBC}") = "Listing-1-07", "Listing-1-7\Listing-1-07.csproj", "{D735FBAB-0BD8-4384-8393-AD3E23BFB748}"
EndProject
Project("{FAE04EC0-301F-11D3-BF4B-00C04F79EFBC}") = "Listing-1-08", "Listing-1-8\Listing-1-08.csproj", "{72BBB28B-8977-4265-95E6-3DA3FC4475DF}"
EndProject
Project("{FAE04EC0-301F-11D3-BF4B-00C04F79EFBC}") = "Listing-1-09", "Listing-1-9\Listing-1-09.csproj", "{C2B2D57C-0FFF-4151-9211-1A5272CD3D81}"
EndProject
Project("{FAE04EC0-301F-11D3-BF4B-00C04F79EFBC}") = "Listing-1-10", "Listing-1-10\Listing-1-10.csproj", "{8432E525-C528-4C40-85A2-E3D9086DC5D8}"
EndProject
Project("{FAE04EC0-301F-11D3-BF4B-00C04F79EFBC}") = "Listing-1-11", "Listing-1-11\Listing-1-11.csproj", "{5BB6BB5B-DA53-4A80-A9A0-2C67F44BA7A6}"
EndProject
Project("{FAE04EC0-301F-11D3-BF4B-00C04F79EFBC}") = "Listing-1-12", "Listing-1-12\Listing-1-12.csproj", "{50558FE1-74E8-41FF-920F-8425C1FC07ED}"
EndProject
Project("{FAE04EC0-301F-11D3-BF4B-00C04F79EFBC}") = "Listing-1-13", "Listing-1-13\Listing-1-13.csproj", "{8A0EE8B7-AA26-4C99-9D1A-97D4480CBF3F}"
EndProject
Project("{FAE04EC0-301F-11D3-BF4B-00C04F79EFBC}") = "Listing-1-14", "Listing-1-14\Listing-1-14.csproj", "{C11681DC-38C2-4F61-9FD9-C7276E2802C6}"
EndProject
Project("{FAE04EC0-301F-11D3-BF4B-00C04F79EFBC}") = "Listing-1-15", "Listing-1-15\Listing-1-15.csproj", "{6F140E0A-9B0C-4B32-A48E-D0A2FC902DA3}"
EndProject
Project("{FAE04EC0-301F-11D3-BF4B-00C04F79EFBC}") = "Listing-1-16", "Listing-1-16\Listing-1-16.csproj", "{6F03539F-FEED-4635-994F-645BA9625AE4}"
EndProject
Project("{FAE04EC0-301F-11D3-BF4B-00C04F79EFBC}") = "Listing-1-17", "Listing-1-17\Listing-1-17.csproj", "{D0992BDA-4088-41B8-9296-0568CA9F1C8E}"
EndProject
Project("{FAE04EC0-301F-11D3-BF4B-00C04F79EFBC}") = "Listing-1-18", "Listing-1-18\Listing-1-18.csproj", "{29C951A8-48F1-4DD6-BD62-3FEBFEE5DCB2}"
EndProject
Project("{FAE04EC0-301F-11D3-BF4B-00C04F79EFBC}") = "Listing-1-19", "Listing-1-19\Listing-1-19.csproj", "{C90D2C01-F42D-427D-A977-06F98E09E453}"
EndProject
Project("{FAE04EC0-301F-11D3-BF4B-00C04F79EFBC}") = "Listing-1-20", "Listing-1-20\Listing-1-20.csproj", "{AF4D5FCC-07BF-44DF-AE6F-6115EE416CBF}"
EndProject
Project("{FAE04EC0-301F-11D3-BF4B-00C04F79EFBC}") = "Listing-1-21", "Listing-1-21\Listing-1-21.csproj", "{D91B6A08-FFA5-468A-9D02-F26C1687026F}"
EndProject
Project("{FAE04EC0-301F-11D3-BF4B-00C04F79EFBC}") = "Listing-1-22,23,24,25", "Listing-1-22\Listing-1-22,23,24,25.csproj", "{93AAF578-8DF6-4751-B2F6-7F623154273A}"
EndProject
Project("{FAE04EC0-301F-11D3-BF4B-00C04F79EFBC}") = "Listing-1-26", "Listing-1-26\Listing-1-26.csproj", "{31BCF45A-FB8D-44AA-9AF2-175717ED92C2}"
EndProject
Project("{FAE04EC0-301F-11D3-BF4B-00C04F79EFBC}") = "Listing-1-27", "Listing-1-27\Listing-1-27.csproj", "{6510025B-A370-4BF8-AFA5-A1BB571C18E2}"
EndProject
Project("{FAE04EC0-301F-11D3-BF4B-00C04F79EFBC}") = "Listing-1-28", "Listing-1-28\Listing-1-28.csproj", "{D37597FE-504C-4ED8-91B3-C1D74EB83340}"
EndProject
Project("{FAE04EC0-301F-11D3-BF4B-00C04F79EFBC}") = "Listing-1-29", "Listing-1-29\Listing-1-29.csproj", "{7EB8BA60-82C6-475A-932B-0CE20FB0D72A}"
EndProject
Global
	GlobalSection(SolutionConfigurationPlatforms) = preSolution
		Debug|Any CPU = Debug|Any CPU
		Release|Any CPU = Release|Any CPU
	EndGlobalSection
	GlobalSection(ProjectConfigurationPlatforms) = postSolution
		{B58760BB-253B-4932-9A3C-00A5BF2A7859}.Debug|Any CPU.ActiveCfg = Debug|Any CPU
		{B58760BB-253B-4932-9A3C-00A5BF2A7859}.Debug|Any CPU.Build.0 = Debug|Any CPU
		{B58760BB-253B-4932-9A3C-00A5BF2A7859}.Release|Any CPU.ActiveCfg = Release|Any CPU
		{B58760BB-253B-4932-9A3C-00A5BF2A7859}.Release|Any CPU.Build.0 = Release|Any CPU
		{C5BF2B98-C4EA-4F87-A4FC-F7F94661FC39}.Debug|Any CPU.ActiveCfg = Debug|Any CPU
		{C5BF2B98-C4EA-4F87-A4FC-F7F94661FC39}.Debug|Any CPU.Build.0 = Debug|Any CPU
		{C5BF2B98-C4EA-4F87-A4FC-F7F94661FC39}.Release|Any CPU.ActiveCfg = Release|Any CPU
		{C5BF2B98-C4EA-4F87-A4FC-F7F94661FC39}.Release|Any CPU.Build.0 = Release|Any CPU
		{5599402D-C99E-414A-B8F0-0D8B53C874B0}.Debug|Any CPU.ActiveCfg = Debug|Any CPU
		{5599402D-C99E-414A-B8F0-0D8B53C874B0}.Debug|Any CPU.Build.0 = Debug|Any CPU
		{5599402D-C99E-414A-B8F0-0D8B53C874B0}.Release|Any CPU.ActiveCfg = Release|Any CPU
		{5599402D-C99E-414A-B8F0-0D8B53C874B0}.Release|Any CPU.Build.0 = Release|Any CPU
		{A2DE7F4D-5ACC-4123-B725-B5DFB1208A67}.Debug|Any CPU.ActiveCfg = Debug|Any CPU
		{A2DE7F4D-5ACC-4123-B725-B5DFB1208A67}.Debug|Any CPU.Build.0 = Debug|Any CPU
		{A2DE7F4D-5ACC-4123-B725-B5DFB1208A67}.Release|Any CPU.ActiveCfg = Release|Any CPU
		{A2DE7F4D-5ACC-4123-B725-B5DFB1208A67}.Release|Any CPU.Build.0 = Release|Any CPU
		{790BF84F-B8EE-4E4C-B3D2-388F0E226F80}.Debug|Any CPU.ActiveCfg = Debug|Any CPU
		{790BF84F-B8EE-4E4C-B3D2-388F0E226F80}.Debug|Any CPU.Build.0 = Debug|Any CPU
		{790BF84F-B8EE-4E4C-B3D2-388F0E226F80}.Release|Any CPU.ActiveCfg = Release|Any CPU
		{790BF84F-B8EE-4E4C-B3D2-388F0E226F80}.Release|Any CPU.Build.0 = Release|Any CPU
		{7470C1DF-F018-4F44-BE9B-B764059C950D}.Debug|Any CPU.ActiveCfg = Debug|Any CPU
		{7470C1DF-F018-4F44-BE9B-B764059C950D}.Debug|Any CPU.Build.0 = Debug|Any CPU
		{7470C1DF-F018-4F44-BE9B-B764059C950D}.Release|Any CPU.ActiveCfg = Release|Any CPU
		{7470C1DF-F018-4F44-BE9B-B764059C950D}.Release|Any CPU.Build.0 = Release|Any CPU
		{0F88A118-4983-4E5A-9A5B-674E79DA02E2}.Debug|Any CPU.ActiveCfg = Debug|Any CPU
		{0F88A118-4983-4E5A-9A5B-674E79DA02E2}.Debug|Any CPU.Build.0 = Debug|Any CPU
		{0F88A118-4983-4E5A-9A5B-674E79DA02E2}.Release|Any CPU.ActiveCfg = Release|Any CPU
		{0F88A118-4983-4E5A-9A5B-674E79DA02E2}.Release|Any CPU.Build.0 = Release|Any CPU
		{DC8AAB15-093C-4EB4-AFAF-A91DE61CE477}.Debug|Any CPU.ActiveCfg = Debug|Any CPU
		{DC8AAB15-093C-4EB4-AFAF-A91DE61CE477}.Debug|Any CPU.Build.0 = Debug|Any CPU
		{DC8AAB15-093C-4EB4-AFAF-A91DE61CE477}.Release|Any CPU.ActiveCfg = Release|Any CPU
		{DC8AAB15-093C-4EB4-AFAF-A91DE61CE477}.Release|Any CPU.Build.0 = Release|Any CPU
		{4AF439A6-CF4C-42D9-AE43-9F9A8A51AB84}.Debug|Any CPU.ActiveCfg = Debug|Any CPU
		{4AF439A6-CF4C-42D9-AE43-9F9A8A51AB84}.Debug|Any CPU.Build.0 = Debug|Any CPU
		{4AF439A6-CF4C-42D9-AE43-9F9A8A51AB84}.Release|Any CPU.ActiveCfg = Release|Any CPU
		{4AF439A6-CF4C-42D9-AE43-9F9A8A51AB84}.Release|Any CPU.Build.0 = Release|Any CPU
		{ADAA44E7-A171-4209-AC77-F724DE31B8A7}.Debug|Any CPU.ActiveCfg = Debug|Any CPU
		{ADAA44E7-A171-4209-AC77-F724DE31B8A7}.Debug|Any CPU.Build.0 = Debug|Any CPU
		{ADAA44E7-A171-4209-AC77-F724DE31B8A7}.Release|Any CPU.ActiveCfg = Release|Any CPU
		{ADAA44E7-A171-4209-AC77-F724DE31B8A7}.Release|Any CPU.Build.0 = Release|Any CPU
		{C3ADDDDE-81AC-4EF9-A6A2-3EEA120441E6}.Debug|Any CPU.ActiveCfg = Debug|Any CPU
		{C3ADDDDE-81AC-4EF9-A6A2-3EEA120441E6}.Debug|Any CPU.Build.0 = Debug|Any CPU
		{C3ADDDDE-81AC-4EF9-A6A2-3EEA120441E6}.Release|Any CPU.ActiveCfg = Release|Any CPU
		{C3ADDDDE-81AC-4EF9-A6A2-3EEA120441E6}.Release|Any CPU.Build.0 = Release|Any CPU
		{D735FBAB-0BD8-4384-8393-AD3E23BFB748}.Debug|Any CPU.ActiveCfg = Debug|Any CPU
		{D735FBAB-0BD8-4384-8393-AD3E23BFB748}.Debug|Any CPU.Build.0 = Debug|Any CPU
		{D735FBAB-0BD8-4384-8393-AD3E23BFB748}.Release|Any CPU.ActiveCfg = Release|Any CPU
		{D735FBAB-0BD8-4384-8393-AD3E23BFB748}.Release|Any CPU.Build.0 = Release|Any CPU
		{72BBB28B-8977-4265-95E6-3DA3FC4475DF}.Debug|Any CPU.ActiveCfg = Debug|Any CPU
		{72BBB28B-8977-4265-95E6-3DA3FC4475DF}.Debug|Any CPU.Build.0 = Debug|Any CPU
		{72BBB28B-8977-4265-95E6-3DA3FC4475DF}.Release|Any CPU.ActiveCfg = Release|Any CPU
		{72BBB28B-8977-4265-95E6-3DA3FC4475DF}.Release|Any CPU.Build.0 = Release|Any CPU
		{C2B2D57C-0FFF-4151-9211-1A5272CD3D81}.Debug|Any CPU.ActiveCfg = Debug|Any CPU
		{C2B2D57C-0FFF-4151-9211-1A5272CD3D81}.Debug|Any CPU.Build.0 = Debug|Any CPU
		{C2B2D57C-0FFF-4151-9211-1A5272CD3D81}.Release|Any CPU.ActiveCfg = Release|Any CPU
		{C2B2D57C-0FFF-4151-9211-1A5272CD3D81}.Release|Any CPU.Build.0 = Release|Any CPU
		{8432E525-C528-4C40-85A2-E3D9086DC5D8}.Debug|Any CPU.ActiveCfg = Debug|Any CPU
		{8432E525-C528-4C40-85A2-E3D9086DC5D8}.Debug|Any CPU.Build.0 = Debug|Any CPU
		{8432E525-C528-4C40-85A2-E3D9086DC5D8}.Release|Any CPU.ActiveCfg = Release|Any CPU
		{8432E525-C528-4C40-85A2-E3D9086DC5D8}.Release|Any CPU.Build.0 = Release|Any CPU
		{5BB6BB5B-DA53-4A80-A9A0-2C67F44BA7A6}.Debug|Any CPU.ActiveCfg = Debug|Any CPU
		{5BB6BB5B-DA53-4A80-A9A0-2C67F44BA7A6}.Debug|Any CPU.Build.0 = Debug|Any CPU
		{5BB6BB5B-DA53-4A80-A9A0-2C67F44BA7A6}.Release|Any CPU.ActiveCfg = Release|Any CPU
		{5BB6BB5B-DA53-4A80-A9A0-2C67F44BA7A6}.Release|Any CPU.Build.0 = Release|Any CPU
		{50558FE1-74E8-41FF-920F-8425C1FC07ED}.Debug|Any CPU.ActiveCfg = Debug|Any CPU
		{50558FE1-74E8-41FF-920F-8425C1FC07ED}.Debug|Any CPU.Build.0 = Debug|Any CPU
		{50558FE1-74E8-41FF-920F-8425C1FC07ED}.Release|Any CPU.ActiveCfg = Release|Any CPU
		{50558FE1-74E8-41FF-920F-8425C1FC07ED}.Release|Any CPU.Build.0 = Release|Any CPU
		{8A0EE8B7-AA26-4C99-9D1A-97D4480CBF3F}.Debug|Any CPU.ActiveCfg = Debug|Any CPU
		{8A0EE8B7-AA26-4C99-9D1A-97D4480CBF3F}.Debug|Any CPU.Build.0 = Debug|Any CPU
		{8A0EE8B7-AA26-4C99-9D1A-97D4480CBF3F}.Release|Any CPU.ActiveCfg = Release|Any CPU
		{8A0EE8B7-AA26-4C99-9D1A-97D4480CBF3F}.Release|Any CPU.Build.0 = Release|Any CPU
		{C11681DC-38C2-4F61-9FD9-C7276E2802C6}.Debug|Any CPU.ActiveCfg = Debug|Any CPU
		{C11681DC-38C2-4F61-9FD9-C7276E2802C6}.Debug|Any CPU.Build.0 = Debug|Any CPU
		{C11681DC-38C2-4F61-9FD9-C7276E2802C6}.Release|Any CPU.ActiveCfg = Release|Any CPU
		{C11681DC-38C2-4F61-9FD9-C7276E2802C6}.Release|Any CPU.Build.0 = Release|Any CPU
		{6F140E0A-9B0C-4B32-A48E-D0A2FC902DA3}.Debug|Any CPU.ActiveCfg = Debug|Any CPU
		{6F140E0A-9B0C-4B32-A48E-D0A2FC902DA3}.Debug|Any CPU.Build.0 = Debug|Any CPU
		{6F140E0A-9B0C-4B32-A48E-D0A2FC902DA3}.Release|Any CPU.ActiveCfg = Release|Any CPU
		{6F140E0A-9B0C-4B32-A48E-D0A2FC902DA3}.Release|Any CPU.Build.0 = Release|Any CPU
		{6F03539F-FEED-4635-994F-645BA9625AE4}.Debug|Any CPU.ActiveCfg = Debug|Any CPU
		{6F03539F-FEED-4635-994F-645BA9625AE4}.Debug|Any CPU.Build.0 = Debug|Any CPU
		{6F03539F-FEED-4635-994F-645BA9625AE4}.Release|Any CPU.ActiveCfg = Release|Any CPU
		{6F03539F-FEED-4635-994F-645BA9625AE4}.Release|Any CPU.Build.0 = Release|Any CPU
		{D0992BDA-4088-41B8-9296-0568CA9F1C8E}.Debug|Any CPU.ActiveCfg = Debug|Any CPU
		{D0992BDA-4088-41B8-9296-0568CA9F1C8E}.Debug|Any CPU.Build.0 = Debug|Any CPU
		{D0992BDA-4088-41B8-9296-0568CA9F1C8E}.Release|Any CPU.ActiveCfg = Release|Any CPU
		{D0992BDA-4088-41B8-9296-0568CA9F1C8E}.Release|Any CPU.Build.0 = Release|Any CPU
		{29C951A8-48F1-4DD6-BD62-3FEBFEE5DCB2}.Debug|Any CPU.ActiveCfg = Debug|Any CPU
		{29C951A8-48F1-4DD6-BD62-3FEBFEE5DCB2}.Debug|Any CPU.Build.0 = Debug|Any CPU
		{29C951A8-48F1-4DD6-BD62-3FEBFEE5DCB2}.Release|Any CPU.ActiveCfg = Release|Any CPU
		{29C951A8-48F1-4DD6-BD62-3FEBFEE5DCB2}.Release|Any CPU.Build.0 = Release|Any CPU
		{C90D2C01-F42D-427D-A977-06F98E09E453}.Debug|Any CPU.ActiveCfg = Debug|Any CPU
		{C90D2C01-F42D-427D-A977-06F98E09E453}.Debug|Any CPU.Build.0 = Debug|Any CPU
		{C90D2C01-F42D-427D-A977-06F98E09E453}.Release|Any CPU.ActiveCfg = Release|Any CPU
		{C90D2C01-F42D-427D-A977-06F98E09E453}.Release|Any CPU.Build.0 = Release|Any CPU
		{AF4D5FCC-07BF-44DF-AE6F-6115EE416CBF}.Debug|Any CPU.ActiveCfg = Debug|Any CPU
		{AF4D5FCC-07BF-44DF-AE6F-6115EE416CBF}.Debug|Any CPU.Build.0 = Debug|Any CPU
		{AF4D5FCC-07BF-44DF-AE6F-6115EE416CBF}.Release|Any CPU.ActiveCfg = Release|Any CPU
		{AF4D5FCC-07BF-44DF-AE6F-6115EE416CBF}.Release|Any CPU.Build.0 = Release|Any CPU
		{D91B6A08-FFA5-468A-9D02-F26C1687026F}.Debug|Any CPU.ActiveCfg = Debug|Any CPU
		{D91B6A08-FFA5-468A-9D02-F26C1687026F}.Debug|Any CPU.Build.0 = Debug|Any CPU
		{D91B6A08-FFA5-468A-9D02-F26C1687026F}.Release|Any CPU.ActiveCfg = Release|Any CPU
		{D91B6A08-FFA5-468A-9D02-F26C1687026F}.Release|Any CPU.Build.0 = Release|Any CPU
		{93AAF578-8DF6-4751-B2F6-7F623154273A}.Debug|Any CPU.ActiveCfg = Debug|Any CPU
		{93AAF578-8DF6-4751-B2F6-7F623154273A}.Debug|Any CPU.Build.0 = Debug|Any CPU
		{93AAF578-8DF6-4751-B2F6-7F623154273A}.Release|Any CPU.ActiveCfg = Release|Any CPU
		{93AAF578-8DF6-4751-B2F6-7F623154273A}.Release|Any CPU.Build.0 = Release|Any CPU
		{31BCF45A-FB8D-44AA-9AF2-175717ED92C2}.Debug|Any CPU.ActiveCfg = Debug|Any CPU
		{31BCF45A-FB8D-44AA-9AF2-175717ED92C2}.Debug|Any CPU.Build.0 = Debug|Any CPU
		{31BCF45A-FB8D-44AA-9AF2-175717ED92C2}.Release|Any CPU.ActiveCfg = Release|Any CPU
		{31BCF45A-FB8D-44AA-9AF2-175717ED92C2}.Release|Any CPU.Build.0 = Release|Any CPU
		{6510025B-A370-4BF8-AFA5-A1BB571C18E2}.Debug|Any CPU.ActiveCfg = Debug|Any CPU
		{6510025B-A370-4BF8-AFA5-A1BB571C18E2}.Debug|Any CPU.Build.0 = Debug|Any CPU
		{6510025B-A370-4BF8-AFA5-A1BB571C18E2}.Release|Any CPU.ActiveCfg = Release|Any CPU
		{6510025B-A370-4BF8-AFA5-A1BB571C18E2}.Release|Any CPU.Build.0 = Release|Any CPU
		{D37597FE-504C-4ED8-91B3-C1D74EB83340}.Debug|Any CPU.ActiveCfg = Debug|Any CPU
		{D37597FE-504C-4ED8-91B3-C1D74EB83340}.Debug|Any CPU.Build.0 = Debug|Any CPU
		{D37597FE-504C-4ED8-91B3-C1D74EB83340}.Release|Any CPU.ActiveCfg = Release|Any CPU
		{D37597FE-504C-4ED8-91B3-C1D74EB83340}.Release|Any CPU.Build.0 = Release|Any CPU
		{7EB8BA60-82C6-475A-932B-0CE20FB0D72A}.Debug|Any CPU.ActiveCfg = Debug|Any CPU
		{7EB8BA60-82C6-475A-932B-0CE20FB0D72A}.Debug|Any CPU.Build.0 = Debug|Any CPU
		{7EB8BA60-82C6-475A-932B-0CE20FB0D72A}.Release|Any CPU.ActiveCfg = Release|Any CPU
		{7EB8BA60-82C6-475A-932B-0CE20FB0D72A}.Release|Any CPU.Build.0 = Release|Any CPU
	EndGlobalSection
	GlobalSection(SolutionProperties) = preSolution
		HideSolutionNode = FALSE
	EndGlobalSection
	GlobalSection(NestedProjects) = preSolution
		{488196A3-930B-4B75-806C-212C55760067} = {BB5CAEBC-6334-4676-AE62-D24DF3D08C48}
		{673D014A-2C9C-4563-9A3C-4355E1D80E94} = {BB5CAEBC-6334-4676-AE62-D24DF3D08C48}
		{7766D948-4E78-48B4-8AA0-A869D4C7F1F9} = {BB5CAEBC-6334-4676-AE62-D24DF3D08C48}
		{AA0D9C16-585D-4977-864A-FA7B7F3D9122} = {BB5CAEBC-6334-4676-AE62-D24DF3D08C48}
		{978416C3-981A-45BA-ADDD-F4325148E5D8} = {BB5CAEBC-6334-4676-AE62-D24DF3D08C48}
		{B58760BB-253B-4932-9A3C-00A5BF2A7859} = {488196A3-930B-4B75-806C-212C55760067}
		{C5BF2B98-C4EA-4F87-A4FC-F7F94661FC39} = {488196A3-930B-4B75-806C-212C55760067}
		{5599402D-C99E-414A-B8F0-0D8B53C874B0} = {488196A3-930B-4B75-806C-212C55760067}
		{A2DE7F4D-5ACC-4123-B725-B5DFB1208A67} = {488196A3-930B-4B75-806C-212C55760067}
		{790BF84F-B8EE-4E4C-B3D2-388F0E226F80} = {673D014A-2C9C-4563-9A3C-4355E1D80E94}
		{7470C1DF-F018-4F44-BE9B-B764059C950D} = {7766D948-4E78-48B4-8AA0-A869D4C7F1F9}
		{0F88A118-4983-4E5A-9A5B-674E79DA02E2} = {AA0D9C16-585D-4977-864A-FA7B7F3D9122}
		{DC8AAB15-093C-4EB4-AFAF-A91DE61CE477} = {978416C3-981A-45BA-ADDD-F4325148E5D8}
		{3D9E82A5-91F9-4D47-9C97-E9EC12FEB7A0} = {9DBC17A0-A78C-4620-8852-7190885B753B}
		{4AF439A6-CF4C-42D9-AE43-9F9A8A51AB84} = {3D9E82A5-91F9-4D47-9C97-E9EC12FEB7A0}
		{ADAA44E7-A171-4209-AC77-F724DE31B8A7} = {488196A3-930B-4B75-806C-212C55760067}
		{C3ADDDDE-81AC-4EF9-A6A2-3EEA120441E6} = {488196A3-930B-4B75-806C-212C55760067}
		{D735FBAB-0BD8-4384-8393-AD3E23BFB748} = {488196A3-930B-4B75-806C-212C55760067}
		{72BBB28B-8977-4265-95E6-3DA3FC4475DF} = {488196A3-930B-4B75-806C-212C55760067}
		{C2B2D57C-0FFF-4151-9211-1A5272CD3D81} = {488196A3-930B-4B75-806C-212C55760067}
		{8432E525-C528-4C40-85A2-E3D9086DC5D8} = {488196A3-930B-4B75-806C-212C55760067}
		{5BB6BB5B-DA53-4A80-A9A0-2C67F44BA7A6} = {488196A3-930B-4B75-806C-212C55760067}
		{50558FE1-74E8-41FF-920F-8425C1FC07ED} = {488196A3-930B-4B75-806C-212C55760067}
		{8A0EE8B7-AA26-4C99-9D1A-97D4480CBF3F} = {488196A3-930B-4B75-806C-212C55760067}
		{C11681DC-38C2-4F61-9FD9-C7276E2802C6} = {488196A3-930B-4B75-806C-212C55760067}
		{6F140E0A-9B0C-4B32-A48E-D0A2FC902DA3} = {488196A3-930B-4B75-806C-212C55760067}
		{6F03539F-FEED-4635-994F-645BA9625AE4} = {488196A3-930B-4B75-806C-212C55760067}
		{D0992BDA-4088-41B8-9296-0568CA9F1C8E} = {488196A3-930B-4B75-806C-212C55760067}
		{29C951A8-48F1-4DD6-BD62-3FEBFEE5DCB2} = {488196A3-930B-4B75-806C-212C55760067}
		{C90D2C01-F42D-427D-A977-06F98E09E453} = {488196A3-930B-4B75-806C-212C55760067}
		{AF4D5FCC-07BF-44DF-AE6F-6115EE416CBF} = {488196A3-930B-4B75-806C-212C55760067}
		{D91B6A08-FFA5-468A-9D02-F26C1687026F} = {488196A3-930B-4B75-806C-212C55760067}
		{93AAF578-8DF6-4751-B2F6-7F623154273A} = {488196A3-930B-4B75-806C-212C55760067}
		{31BCF45A-FB8D-44AA-9AF2-175717ED92C2} = {488196A3-930B-4B75-806C-212C55760067}
		{6510025B-A370-4BF8-AFA5-A1BB571C18E2} = {488196A3-930B-4B75-806C-212C55760067}
		{D37597FE-504C-4ED8-91B3-C1D74EB83340} = {488196A3-930B-4B75-806C-212C55760067}
		{7EB8BA60-82C6-475A-932B-0CE20FB0D72A} = {488196A3-930B-4B75-806C-212C55760067}
	EndGlobalSection
EndGlobal
